<?xml version="1.0" encoding="utf-8"?>
<Project ToolsVersion="4.0" xmlns="http://schemas.microsoft.com/developer/msbuild/2003">
  <ItemGroup>
    <Filter Include="Source Files">
      <UniqueIdentifier>{4FC737F1-C7A5-4376-A066-2A32D752A2FF}</UniqueIdentifier>
      <Extensions>cpp;c;cc;cxx;c++;cppm;ixx;def;odl;idl;hpj;bat;asm;asmx</Extensions>
    </Filter>
    <Filter Include="Header Files">
      <UniqueIdentifier>{93995380-89BD-4b04-88EB-625FBE52EBFB}</UniqueIdentifier>
      <Extensions>h;hh;hpp;hxx;h++;hm;inl;inc;ipp;xsd</Extensions>
    </Filter>
    <Filter Include="Resource Files">
      <UniqueIdentifier>{67DA6AB6-F800-4c08-8B7A-83BB121AAD01}</UniqueIdentifier>
      <Extensions>rc;ico;cur;bmp;dlg;rc2;rct;bin;rgs;gif;jpg;jpeg;jpe;resx;tiff;tif;png;wav;mfcribbon-ms</Extensions>
    </Filter>
  </ItemGroup>
  <ItemGroup>
    <ClCompile Include="PrintStringWithMutex.cpp">
      <Filter>Source Files</Filter>
    </ClCompile>
    <ClCompile Include="TryLockExample.cpp">
      <Filter>Source Files</Filter>
    </ClCompile>
    <ClCompile Include="InternallySynchronizedClass.cpp">
      <Filter>Source Files</Filter>
    </ClCompile>
    <ClCompile Include="LockedMutexFromException.cpp">
      <Filter>Source Files</Filter>
    </ClCompile>
    <ClCompile Include="Lock_GuardException.cpp">
      <Filter>Source Files</Filter>
    </ClCompile>
    <ClCompile Include="UniqueLock.cpp">
      <Filter>Source Files</Filter>
    </ClCompile>
    <ClCompile Include="TimedMutex.cpp">
      <Filter>Source Files</Filter>
    </ClCompile>
    <ClCompile Include="UniqueLockTimed.cpp">
      <Filter>Source Files</Filter>
    </ClCompile>
    <ClCompile Include="SlowMultipleReaderFewWritersMutex.cpp">
      <Filter>Source Files</Filter>
    </ClCompile>
    <ClCompile Include="FasterMultipleReaderFewWritersMutex.cpp">
      <Filter>Source Files</Filter>
    </ClCompile>
    <ClCompile Include="ClassicSingleton.cpp">
      <Filter>Source Files</Filter>
    </ClCompile>
    <ClCompile Include="ThreadSafeSingleton.cpp">
      <Filter>Source Files</Filter>
    </ClCompile>
    <ClCompile Include="Thread_Local_Variables.cpp">
      <Filter>Source Files</Filter>
    </ClCompile>
    <ClCompile Include="LazyInitializationSingleThreaded.cpp">
      <Filter>Source Files</Filter>
    </ClCompile>
    <ClCompile Include="LazyInitializationMultithreadedSlow.cpp">
      <Filter>Source Files</Filter>
    </ClCompile>
    <ClCompile Include="LazyInitializeDoubleCheckedLocking.cpp">
      <Filter>Source Files</Filter>
    </ClCompile>
    <ClCompile Include="Call_Once.cpp">
      <Filter>Source Files</Filter>
    </ClCompile>
    <ClCompile Include="ClassicMutualDeadlock.cpp">
      <Filter>Source Files</Filter>
    </ClCompile>
    <ClCompile Include="DeadlockPractical_DiningPhilisophersProblem.cpp">
      <Filter>Source Files</Filter>
    </ClCompile>
    <ClCompile Include="DeadlockAvoidance_ScopedLock.cpp">
      <Filter>Source Files</Filter>
    </ClCompile>
    <ClCompile Include="DeadlockAvoidance_AdoptLock.cpp">
      <Filter>Source Files</Filter>
    </ClCompile>
    <ClCompile Include="DeadlockAvoidance_DeferLock.cpp">
      <Filter>Source Files</Filter>
    </ClCompile>
    <ClCompile Include="DeadlockAvoidance_TryLock.cpp">
      <Filter>Source Files</Filter>
    </ClCompile>
  </ItemGroup>
  <ItemGroup>
    <ClInclude Include="ClassicSingleton.h">
      <Filter>Source Files</Filter>
    </ClInclude>
    <ClInclude Include="ThreadSafeSingleton.h">
      <Filter>Source Files</Filter>
    </ClInclude>
  </ItemGroup>
</Project>