
Microsoft Visual Studio Solution File, Format Version 12.00
# Visual Studio Version 16
VisualStudioVersion = 16.0.34931.43
MinimumVisualStudioVersion = 10.0.40219.1
Project("{8BC9CEB8-8B4A-11D0-8D11-00A0C91BC942}") = "IntroToConcurency", "Multithreading\Multithreading.vcxproj", "{37F5FCEC-68F7-4D03-8255-D61314A3BE0F}"
EndProject
Project("{8BC9CEB8-8B4A-11D0-8D11-00A0C91BC942}") = "GettingStartedWithThreads", "GettingStartedWithThreads\GettingStartedWithThreads.vcxproj", "{761F26A2-0891-4200-A907-8B44929E3FDC}"
EndProject
Project("{8BC9CEB8-8B4A-11D0-8D11-00A0C91BC942}") = "WorkingWithSharedData", "WorkingWithSharedData\WorkingWithSharedData.vcxproj", "{72619165-5065-45D8-AEBD-E22CE2423141}"
EndProject
Project("{8BC9CEB8-8B4A-11D0-8D11-00A0C91BC942}") = "ThreadSynchronization", "ThreadSynchronization\ThreadSynchronization.vcxproj", "{FA201237-0BED-4C8F-BA07-B3A57C1322C1}"
EndProject
Project("{8BC9CEB8-8B4A-11D0-8D11-00A0C91BC942}") = "AtomicTypes", "AtomicTypes\AtomicTypes.vcxproj", "{92A31AF5-BD4C-4C3C-B306-56E820CD87B5}"
EndProject
Project("{8BC9CEB8-8B4A-11D0-8D11-00A0C91BC942}") = "AsynchronousProgramming", "AsynchronousProgramming\AsynchronousProgramming.vcxproj", "{8B97A731-FABB-490C-B5F9-7C863EB7F48F}"
EndProject
Global
	GlobalSection(SolutionConfigurationPlatforms) = preSolution
		Debug|x64 = Debug|x64
		Debug|x86 = Debug|x86
		Release|x64 = Release|x64
		Release|x86 = Release|x86
	EndGlobalSection
	GlobalSection(ProjectConfigurationPlatforms) = postSolution
		{37F5FCEC-68F7-4D03-8255-D61314A3BE0F}.Debug|x64.ActiveCfg = Debug|x64
		{37F5FCEC-68F7-4D03-8255-D61314A3BE0F}.Debug|x64.Build.0 = Debug|x64
		{37F5FCEC-68F7-4D03-8255-D61314A3BE0F}.Debug|x86.ActiveCfg = Debug|Win32
		{37F5FCEC-68F7-4D03-8255-D61314A3BE0F}.Debug|x86.Build.0 = Debug|Win32
		{37F5FCEC-68F7-4D03-8255-D61314A3BE0F}.Release|x64.ActiveCfg = Release|x64
		{37F5FCEC-68F7-4D03-8255-D61314A3BE0F}.Release|x64.Build.0 = Release|x64
		{37F5FCEC-68F7-4D03-8255-D61314A3BE0F}.Release|x86.ActiveCfg = Release|Win32
		{37F5FCEC-68F7-4D03-8255-D61314A3BE0F}.Release|x86.Build.0 = Release|Win32
		{761F26A2-0891-4200-A907-8B44929E3FDC}.Debug|x64.ActiveCfg = Debug|x64
		{761F26A2-0891-4200-A907-8B44929E3FDC}.Debug|x64.Build.0 = Debug|x64
		{761F26A2-0891-4200-A907-8B44929E3FDC}.Debug|x86.ActiveCfg = Debug|Win32
		{761F26A2-0891-4200-A907-8B44929E3FDC}.Debug|x86.Build.0 = Debug|Win32
		{761F26A2-0891-4200-A907-8B44929E3FDC}.Release|x64.ActiveCfg = Release|x64
		{761F26A2-0891-4200-A907-8B44929E3FDC}.Release|x64.Build.0 = Release|x64
		{761F26A2-0891-4200-A907-8B44929E3FDC}.Release|x86.ActiveCfg = Release|Win32
		{761F26A2-0891-4200-A907-8B44929E3FDC}.Release|x86.Build.0 = Release|Win32
		{72619165-5065-45D8-AEBD-E22CE2423141}.Debug|x64.ActiveCfg = Debug|x64
		{72619165-5065-45D8-AEBD-E22CE2423141}.Debug|x64.Build.0 = Debug|x64
		{72619165-5065-45D8-AEBD-E22CE2423141}.Debug|x86.ActiveCfg = Debug|Win32
		{72619165-5065-45D8-AEBD-E22CE2423141}.Debug|x86.Build.0 = Debug|Win32
		{72619165-5065-45D8-AEBD-E22CE2423141}.Release|x64.ActiveCfg = Release|x64
		{72619165-5065-45D8-AEBD-E22CE2423141}.Release|x64.Build.0 = Release|x64
		{72619165-5065-45D8-AEBD-E22CE2423141}.Release|x86.ActiveCfg = Release|Win32
		{72619165-5065-45D8-AEBD-E22CE2423141}.Release|x86.Build.0 = Release|Win32
		{FA201237-0BED-4C8F-BA07-B3A57C1322C1}.Debug|x64.ActiveCfg = Debug|x64
		{FA201237-0BED-4C8F-BA07-B3A57C1322C1}.Debug|x64.Build.0 = Debug|x64
		{FA201237-0BED-4C8F-BA07-B3A57C1322C1}.Debug|x86.ActiveCfg = Debug|Win32
		{FA201237-0BED-4C8F-BA07-B3A57C1322C1}.Debug|x86.Build.0 = Debug|Win32
		{FA201237-0BED-4C8F-BA07-B3A57C1322C1}.Release|x64.ActiveCfg = Release|x64
		{FA201237-0BED-4C8F-BA07-B3A57C1322C1}.Release|x64.Build.0 = Release|x64
		{FA201237-0BED-4C8F-BA07-B3A57C1322C1}.Release|x86.ActiveCfg = Release|Win32
		{FA201237-0BED-4C8F-BA07-B3A57C1322C1}.Release|x86.Build.0 = Release|Win32
		{92A31AF5-BD4C-4C3C-B306-56E820CD87B5}.Debug|x64.ActiveCfg = Debug|x64
		{92A31AF5-BD4C-4C3C-B306-56E820CD87B5}.Debug|x64.Build.0 = Debug|x64
		{92A31AF5-BD4C-4C3C-B306-56E820CD87B5}.Debug|x86.ActiveCfg = Debug|Win32
		{92A31AF5-BD4C-4C3C-B306-56E820CD87B5}.Debug|x86.Build.0 = Debug|Win32
		{92A31AF5-BD4C-4C3C-B306-56E820CD87B5}.Release|x64.ActiveCfg = Release|x64
		{92A31AF5-BD4C-4C3C-B306-56E820CD87B5}.Release|x64.Build.0 = Release|x64
		{92A31AF5-BD4C-4C3C-B306-56E820CD87B5}.Release|x86.ActiveCfg = Release|Win32
		{92A31AF5-BD4C-4C3C-B306-56E820CD87B5}.Release|x86.Build.0 = Release|Win32
		{8B97A731-FABB-490C-B5F9-7C863EB7F48F}.Debug|x64.ActiveCfg = Debug|x64
		{8B97A731-FABB-490C-B5F9-7C863EB7F48F}.Debug|x64.Build.0 = Debug|x64
		{8B97A731-FABB-490C-B5F9-7C863EB7F48F}.Debug|x86.ActiveCfg = Debug|Win32
		{8B97A731-FABB-490C-B5F9-7C863EB7F48F}.Debug|x86.Build.0 = Debug|Win32
		{8B97A731-FABB-490C-B5F9-7C863EB7F48F}.Release|x64.ActiveCfg = Release|x64
		{8B97A731-FABB-490C-B5F9-7C863EB7F48F}.Release|x64.Build.0 = Release|x64
		{8B97A731-FABB-490C-B5F9-7C863EB7F48F}.Release|x86.ActiveCfg = Release|Win32
		{8B97A731-FABB-490C-B5F9-7C863EB7F48F}.Release|x86.Build.0 = Release|Win32
	EndGlobalSection
	GlobalSection(SolutionProperties) = preSolution
		HideSolutionNode = FALSE
	EndGlobalSection
	GlobalSection(ExtensibilityGlobals) = postSolution
		SolutionGuid = {B4671EC9-10D0-40F9-B050-9EED1186676F}
	EndGlobalSection
EndGlobal
